
Microsoft Visual Studio Solution File, Format Version 12.00
# Visual Studio 15
VisualStudioVersion = 15.0.27130.2024
MinimumVisualStudioVersion = 10.0.40219.1
Project("{FAE04EC0-301F-11D3-BF4B-00C04F79EFBC}") = "GroupJoinInLinq", "GroupJoinInLinq\GroupJoinInLinq.csproj", "{C1833C3F-013A-432D-99CC-E62E330735AD}"
EndProject
Global
	GlobalSection(SolutionConfigurationPlatforms) = preSolution
		Debug|Any CPU = Debug|Any CPU
		Release|Any CPU = Release|Any CPU
	EndGlobalSection
	GlobalSection(ProjectConfigurationPlatforms) = postSolution
		{C1833C3F-013A-432D-99CC-E62E330735AD}.Debug|Any CPU.ActiveCfg = Debug|Any CPU
		{C1833C3F-013A-432D-99CC-E62E330735AD}.Debug|Any CPU.Build.0 = Debug|Any CPU
		{C1833C3F-013A-432D-99CC-E62E330735AD}.Release|Any CPU.ActiveCfg = Release|Any CPU
		{C1833C3F-013A-432D-99CC-E62E330735AD}.Release|Any CPU.Build.0 = Release|Any CPU
	EndGlobalSection
	GlobalSection(SolutionProperties) = preSolution
		HideSolutionNode = FALSE
	EndGlobalSection
	GlobalSection(ExtensibilityGlobals) = postSolution
		SolutionGuid = {AD117D3F-A1CC-4811-A6A5-64DA6F087F51}
	EndGlobalSection
EndGlobal
